{
  "name": "huor",
  "version": "0.1.0",
  "lockfileVersion": 1,
  "requires": true,
  "dependencies": {
    "lin-ui": {
      "version": "1.1.9",
      "resolved": "https://registry.npmjs.org/lin-ui/-/lin-ui-1.1.9.tgz",
      "integrity": "sha512-Fz47m2Eh3mJKI3nhWriqb7+E4ZEDUdpznNJmwVNG/qPwIZRjqEZpr/55o+A4Cq02TD6oQGGJlGD22ASV8o+2mg=="
    }
  }
}
